
Microsoft Visual Studio Solution File, Format Version 12.00
# Visual Studio 15
VisualStudioVersion = 15.0.27703.2018
MinimumVisualStudioVersion = 10.0.40219.1
Project("{FAE04EC0-301F-11D3-BF4B-00C04F79EFBC}") = "ws-client", "ws-client\ws-client.csproj", "{A791FD0D-F33C-4474-88B5-36D6490329F5}"
EndProject
Global
	GlobalSection(SolutionConfigurationPlatforms) = preSolution
		Debug|Any CPU = Debug|Any CPU
		Release|Any CPU = Release|Any CPU
	EndGlobalSection
	GlobalSection(ProjectConfigurationPlatforms) = postSolution
		{A791FD0D-F33C-4474-88B5-36D6490329F5}.Debug|Any CPU.ActiveCfg = Debug|Any CPU
		{A791FD0D-F33C-4474-88B5-36D6490329F5}.Debug|Any CPU.Build.0 = Debug|Any CPU
		{A791FD0D-F33C-4474-88B5-36D6490329F5}.Release|Any CPU.ActiveCfg = Release|Any CPU
		{A791FD0D-F33C-4474-88B5-36D6490329F5}.Release|Any CPU.Build.0 = Release|Any CPU
	EndGlobalSection
	GlobalSection(SolutionProperties) = preSolution
		HideSolutionNode = FALSE
	EndGlobalSection
	GlobalSection(ExtensibilityGlobals) = postSolution
		SolutionGuid = {BE86BBE0-484F-4EA4-8785-41AE7E3F33E3}
	EndGlobalSection
EndGlobal
